// !$*UTF8*$!
{
	archiveVersion = 1;
	classes = {
	};
	objectVersion = 50;
	objects = {

/* Begin PBXBuildFile section */
		83FC69FC21924FDF00B3E729 /* AppDelegate.swift in Sources */ = {isa = PBXBuildFile; fileRef = 83FC69FB21924FDF00B3E729 /* AppDelegate.swift */; };
		83FC69FE21924FDF00B3E729 /* CategoriesVC.swift in Sources */ = {isa = PBXBuildFile; fileRef = 83FC69FD21924FDF00B3E729 /* CategoriesVC.swift */; };
		83FC6A0121924FDF00B3E729 /* Main.storyboard in Resources */ = {isa = PBXBuildFile; fileRef = 83FC69FF21924FDF00B3E729 /* Main.storyboard */; };
		83FC6A0321924FE000B3E729 /* Assets.xcassets in Resources */ = {isa = PBXBuildFile; fileRef = 83FC6A0221924FE000B3E729 /* Assets.xcassets */; };
		83FC6A0621924FE000B3E729 /* LaunchScreen.storyboard in Resources */ = {isa = PBXBuildFile; fileRef = 83FC6A0421924FE000B3E729 /* LaunchScreen.storyboard */; };
		83FC6A112192566500B3E729 /* CategoryCell.swift in Sources */ = {isa = PBXBuildFile; fileRef = 83FC6A102192566500B3E729 /* CategoryCell.swift */; };
		83FC6A132192582F00B3E729 /* Category.swift in Sources */ = {isa = PBXBuildFile; fileRef = 83FC6A122192582F00B3E729 /* Category.swift */; };
		83FC6A1621925A2B00B3E729 /* DataService.swift in Sources */ = {isa = PBXBuildFile; fileRef = 83FC6A1521925A2B00B3E729 /* DataService.swift */; };
		83FC6A18219288B400B3E729 /* ProductCell.swift in Sources */ = {isa = PBXBuildFile; fileRef = 83FC6A17219288B400B3E729 /* ProductCell.swift */; };
/* End PBXBuildFile section */

/* Begin PBXFileReference section */
		83FC69F821924FDF00B3E729 /* coder-swag.app */ = {isa = PBXFileReference; explicitFileType = wrapper.application; includeInIndex = 0; path = "coder-swag.app"; sourceTree = BUILT_PRODUCTS_DIR; };
		83FC69FB21924FDF00B3E729 /* AppDelegate.swift */ = {isa = PBXFileReference; lastKnownFileType = sourcecode.swift; path = AppDelegate.swift; sourceTree = "<group>"; };
		83FC69FD21924FDF00B3E729 /* CategoriesVC.swift */ = {isa = PBXFileReference; lastKnownFileType = sourcecode.swift; path = CategoriesVC.swift; sourceTree = "<group>"; };
		83FC6A0021924FDF00B3E729 /* Base */ = {isa = PBXFileReference; lastKnownFileType = file.storyboard; name = Base; path = Base.lproj/Main.storyboard; sourceTree = "<group>"; };
		83FC6A0221924FE000B3E729 /* Assets.xcassets */ = {isa = PBXFileReference; lastKnownFileType = folder.assetcatalog; path = Assets.xcassets; sourceTree = "<group>"; };
		83FC6A0521924FE000B3E729 /* Base */ = {isa = PBXFileReference; lastKnownFileType = file.storyboard; name = Base; path = Base.lproj/LaunchScreen.storyboard; sourceTree = "<group>"; };
		83FC6A0721924FE000B3E729 /* Info.plist */ = {isa = PBXFileReference; lastKnownFileType = text.plist.xml; path = Info.plist; sourceTree = "<group>"; };
		83FC6A102192566500B3E729 /* CategoryCell.swift */ = {isa = PBXFileReference; lastKnownFileType = sourcecode.swift; path = CategoryCell.swift; sourceTree = "<group>"; };
		83FC6A122192582F00B3E729 /* Category.swift */ = {isa = PBXFileReference; lastKnownFileType = sourcecode.swift; path = Category.swift; sourceTree = "<group>"; };
		83FC6A1521925A2B00B3E729 /* DataService.swift */ = {isa = PBXFileReference; lastKnownFileType = sourcecode.swift; path = DataService.swift; sourceTree = "<group>"; };
		83FC6A17219288B400B3E729 /* ProductCell.swift */ = {isa = PBXFileReference; lastKnownFileType = sourcecode.swift; path = ProductCell.swift; sourceTree = "<group>"; };
/* End PBXFileReference section */

/* Begin PBXFrameworksBuildPhase section */
		83FC69F521924FDF00B3E729 /* Frameworks */ = {
			isa = PBXFrameworksBuildPhase;
			buildActionMask = 2147483647;
			files = (
			);
			runOnlyForDeploymentPostprocessing = 0;
		};
/* End PBXFrameworksBuildPhase section */

/* Begin PBXGroup section */
		83FC69EF21924FDF00B3E729 = {
			isa = PBXGroup;
			children = (
				83FC69FA21924FDF00B3E729 /* coder-swag */,
				83FC69F921924FDF00B3E729 /* Products */,
			);
			sourceTree = "<group>";
		};
		83FC69F921924FDF00B3E729 /* Products */ = {
			isa = PBXGroup;
			children = (
				83FC69F821924FDF00B3E729 /* coder-swag.app */,
			);
			name = Products;
			sourceTree = "<group>";
		};
		83FC69FA21924FDF00B3E729 /* coder-swag */ = {
			isa = PBXGroup;
			children = (
				83FC6A1421925A1800B3E729 /* Services */,
				83FC6A0F2192560300B3E729 /* View */,
				83FC6A0E219255FD00B3E729 /* Controller */,
				83FC6A0D219255F700B3E729 /* Model */,
				83FC69FB21924FDF00B3E729 /* AppDelegate.swift */,
				83FC69FF21924FDF00B3E729 /* Main.storyboard */,
				83FC6A0221924FE000B3E729 /* Assets.xcassets */,
				83FC6A0421924FE000B3E729 /* LaunchScreen.storyboard */,
				83FC6A0721924FE000B3E729 /* Info.plist */,
			);
			path = "coder-swag";
			sourceTree = "<group>";
		};
		83FC6A0D219255F700B3E729 /* Model */ = {
			isa = PBXGroup;
			children = (
				83FC6A122192582F00B3E729 /* Category.swift */,
			);
			path = Model;
			sourceTree = "<group>";
		};
		83FC6A0E219255FD00B3E729 /* Controller */ = {
			isa = PBXGroup;
			children = (
				83FC69FD21924FDF00B3E729 /* CategoriesVC.swift */,
			);
			path = Controller;
			sourceTree = "<group>";
		};
		83FC6A0F2192560300B3E729 /* View */ = {
			isa = PBXGroup;
			children = (
				83FC6A102192566500B3E729 /* CategoryCell.swift */,
				83FC6A17219288B400B3E729 /* ProductCell.swift */,
			);
			path = View;
			sourceTree = "<group>";
		};
		83FC6A1421925A1800B3E729 /* Services */ = {
			isa = PBXGroup;
			children = (
				83FC6A1521925A2B00B3E729 /* DataService.swift */,
			);
			path = Services;
			sourceTree = "<group>";
		};
/* End PBXGroup section */

/* Begin PBXNativeTarget section */
		83FC69F721924FDF00B3E729 /* coder-swag */ = {
			isa = PBXNativeTarget;
			buildConfigurationList = 83FC6A0A21924FE000B3E729 /* Build configuration list for PBXNativeTarget "coder-swag" */;
			buildPhases = (
				83FC69F421924FDF00B3E729 /* Sources */,
				83FC69F521924FDF00B3E729 /* Frameworks */,
				83FC69F621924FDF00B3E729 /* Resources */,
			);
			buildRules = (
			);
			dependencies = (
			);
			name = "coder-swag";
			productName = "coder-swag";
			productReference = 83FC69F821924FDF00B3E729 /* coder-swag.app */;
			productType = "com.apple.product-type.application";
		};
/* End PBXNativeTarget section */

/* Begin PBXProject section */
		83FC69F021924FDF00B3E729 /* Project object */ = {
			isa = PBXProject;
			attributes = {
				LastSwiftUpdateCheck = 1000;
				LastUpgradeCheck = 1000;
				ORGANIZATIONNAME = Christopher;
				TargetAttributes = {
					83FC69F721924FDF00B3E729 = {
						CreatedOnToolsVersion = 10.0;
					};
				};
			};
			buildConfigurationList = 83FC69F321924FDF00B3E729 /* Build configuration list for PBXProject "coder-swag" */;
			compatibilityVersion = "Xcode 9.3";
			developmentRegion = en;
			hasScannedForEncodings = 0;
			knownRegions = (
				en,
				Base,
			);
			mainGroup = 83FC69EF21924FDF00B3E729;
			productRefGroup = 83FC69F921924FDF00B3E729 /* Products */;
			projectDirPath = "";
			projectRoot = "";
			targets = (
				83FC69F721924FDF00B3E729 /* coder-swag */,
			);
		};
/* End PBXProject section */

/* Begin PBXResourcesBuildPhase section */
		83FC69F621924FDF00B3E729 /* Resources */ = {
			isa = PBXResourcesBuildPhase;
			buildActionMask = 2147483647;
			files = (
				83FC6A0621924FE000B3E729 /* LaunchScreen.storyboard in Resources */,
				83FC6A0321924FE000B3E729 /* Assets.xcassets in Resources */,
				83FC6A0121924FDF00B3E729 /* Main.storyboard in Resources */,
			);
			runOnlyForDeploymentPostprocessing = 0;
		};
/* End PBXResourcesBuildPhase section */

/* Begin PBXSourcesBuildPhase section */
		83FC69F421924FDF00B3E729 /* Sources */ = {
			isa = PBXSourcesBuildPhase;
			buildActionMask = 2147483647;
			files = (
				83FC69FE21924FDF00B3E729 /* CategoriesVC.swift in Sources */,
				83FC69FC21924FDF00B3E729 /* AppDelegate.swift in Sources */,
				83FC6A112192566500B3E729 /* CategoryCell.swift in Sources */,
				83FC6A18219288B400B3E729 /* ProductCell.swift in Sources */,
				83FC6A132192582F00B3E729 /* Category.swift in Sources */,
				83FC6A1621925A2B00B3E729 /* DataService.swift in Sources */,
			);
			runOnlyForDeploymentPostprocessing = 0;
		};
/* End PBXSourcesBuildPhase section */

/* Begin PBXVariantGroup section */
		83FC69FF21924FDF00B3E729 /* Main.storyboard */ = {
			isa = PBXVariantGroup;
			children = (
				83FC6A0021924FDF00B3E729 /* Base */,
			);
			name = Main.storyboard;
			sourceTree = "<group>";
		};
		83FC6A0421924FE000B3E729 /* LaunchScreen.storyboard */ = {
			isa = PBXVariantGroup;
			children = (
				83FC6A0521924FE000B3E729 /* Base */,
			);
			name = LaunchScreen.storyboard;
			sourceTree = "<group>";
		};
/* End PBXVariantGroup section */

/* Begin XCBuildConfiguration section */
		83FC6A0821924FE000B3E729 /* Debug */ = {
			isa = XCBuildConfiguration;
			buildSettings = {
				ALWAYS_SEARCH_USER_PATHS = NO;
				CLANG_ANALYZER_NONNULL = YES;
				CLANG_ANALYZER_NUMBER_OBJECT_CONVERSION = YES_AGGRESSIVE;
				CLANG_CXX_LANGUAGE_STANDARD = "gnu++14";
				CLANG_CXX_LIBRARY = "libc++";
				CLANG_ENABLE_MODULES = YES;
				CLANG_ENABLE_OBJC_ARC = YES;
				CLANG_ENABLE_OBJC_WEAK = YES;
				CLANG_WARN_BLOCK_CAPTURE_AUTORELEASING = YES;
				CLANG_WARN_BOOL_CONVERSION = YES;
				CLANG_WARN_COMMA = YES;
				CLANG_WARN_CONSTANT_CONVERSION = YES;
				CLANG_WARN_DEPRECATED_OBJC_IMPLEMENTATIONS = YES;
				CLANG_WARN_DIRECT_OBJC_ISA_USAGE = YES_ERROR;
				CLANG_WARN_DOCUMENTATION_COMMENTS = YES;
				CLANG_WARN_EMPTY_BODY = YES;
				CLANG_WARN_ENUM_CONVERSION = YES;
				CLANG_WARN_INFINITE_RECURSION = YES;
				CLANG_WARN_INT_CONVERSION = YES;
				CLANG_WARN_NON_LITERAL_NULL_CONVERSION = YES;
				CLANG_WARN_OBJC_IMPLICIT_RETAIN_SELF = YES;
				CLANG_WARN_OBJC_LITERAL_CONVERSION = YES;
				CLANG_WARN_OBJC_ROOT_CLASS = YES_ERROR;
				CLANG_WARN_RANGE_LOOP_ANALYSIS = YES;
				CLANG_WARN_STRICT_PROTOTYPES = YES;
				CLANG_WARN_SUSPICIOUS_MOVE = YES;
				CLANG_WARN_UNGUARDED_AVAILABILITY = YES_AGGRESSIVE;
				CLANG_WARN_UNREACHABLE_CODE = YES;
				CLANG_WARN__DUPLICATE_METHOD_MATCH = YES;
				CODE_SIGN_IDENTITY = "iPhone Developer";
				COPY_PHASE_STRIP = NO;
				DEBUG_INFORMATION_FORMAT = dwarf;
				ENABLE_STRICT_OBJC_MSGSEND = YES;
				ENABLE_TESTABILITY = YES;
				GCC_C_LANGUAGE_STANDARD = gnu11;
				GCC_DYNAMIC_NO_PIC = NO;
				GCC_NO_COMMON_BLOCKS = YES;
				GCC_OPTIMIZATION_LEVEL = 0;
				GCC_PREPROCESSOR_DEFINITIONS = (
					"DEBUG=1",
					"$(inherited)",
				);
				GCC_WARN_64_TO_32_BIT_CONVERSION = YES;
				GCC_WARN_ABOUT_RETURN_TYPE = YES_ERROR;
				GCC_WARN_UNDECLARED_SELECTOR = YES;
				GCC_WARN_UNINITIALIZED_AUTOS = YES_AGGRESSIVE;
				GCC_WARN_UNUSED_FUNCTION = YES;
				GCC_WARN_UNUSED_VARIABLE = YES;
				IPHONEOS_DEPLOYMENT_TARGET = 12.0;
				MTL_ENABLE_DEBUG_INFO = INCLUDE_SOURCE;
				MTL_FAST_MATH = YES;
				ONLY_ACTIVE_ARCH = YES;
				SDKROOT = iphoneos;
				SWIFT_ACTIVE_COMPILATION_CONDITIONS = DEBUG;
				SWIFT_OPTIMIZATION_LEVEL = "-Onone";
			};
			name = Debug;
		};
		83FC6A0921924FE000B3E729 /* Release */ = {
			isa = XCBuildConfiguration;
			buildSettings = {
				ALWAYS_SEARCH_USER_PATHS = NO;
				CLANG_ANALYZER_NONNULL = YES;
				CLANG_ANALYZER_NUMBER_OBJECT_CONVERSION = YES_AGGRESSIVE;
				CLANG_CXX_LANGUAGE_STANDARD = "gnu++14";
				CLANG_CXX_LIBRARY = "libc++";
				CLANG_ENABLE_MODULES = YES;
				CLANG_ENABLE_OBJC_ARC = YES;
				CLANG_ENABLE_OBJC_WEAK = YES;
				CLANG_WARN_BLOCK_CAPTURE_AUTORELEASING = YES;
				CLANG_WARN_BOOL_CONVERSION = YES;
				CLANG_WARN_COMMA = YES;
				CLANG_WARN_CONSTANT_CONVERSION = YES;
				CLANG_WARN_DEPRECATED_OBJC_IMPLEMENTATIONS = YES;
				CLANG_WARN_DIRECT_OBJC_ISA_USAGE = YES_ERROR;
				CLANG_WARN_DOCUMENTATION_COMMENTS = YES;
				CLANG_WARN_EMPTY_BODY = YES;
				CLANG_WARN_ENUM_CONVERSION = YES;
				CLANG_WARN_INFINITE_RECURSION = YES;
				CLANG_WARN_INT_CONVERSION = YES;
				CLANG_WARN_NON_LITERAL_NULL_CONVERSION = YES;
				CLANG_WARN_OBJC_IMPLICIT_RETAIN_SELF = YES;
				CLANG_WARN_OBJC_LITERAL_CONVERSION = YES;
				CLANG_WARN_OBJC_ROOT_CLASS = YES_ERROR;
				CLANG_WARN_RANGE_LOOP_ANALYSIS = YES;
				CLANG_WARN_STRICT_PROTOTYPES = YES;
				CLANG_WARN_SUSPICIOUS_MOVE = YES;
				CLANG_WARN_UNGUARDED_AVAILABILITY = YES_AGGRESSIVE;
				CLANG_WARN_UNREACHABLE_CODE = YES;
				CLANG_WARN__DUPLICATE_METHOD_MATCH = YES;
				CODE_SIGN_IDENTITY = "iPhone Developer";
				COPY_PHASE_STRIP = NO;
				DEBUG_INFORMATION_FORMAT = "dwarf-with-dsym";
				ENABLE_NS_ASSERTIONS = NO;
				ENABLE_STRICT_OBJC_MSGSEND = YES;
				GCC_C_LANGUAGE_STANDARD = gnu11;
				GCC_NO_COMMON_BLOCKS = YES;
				GCC_WARN_64_TO_32_BIT_CONVERSION = YES;
				GCC_WARN_ABOUT_RETURN_TYPE = YES_ERROR;
				GCC_WARN_UNDECLARED_SELECTOR = YES;
				GCC_WARN_UNINITIALIZED_AUTOS = YES_AGGRESSIVE;
				GCC_WARN_UNUSED_FUNCTION = YES;
				GCC_WARN_UNUSED_VARIABLE = YES;
				IPHONEOS_DEPLOYMENT_TARGET = 12.0;
				MTL_ENABLE_DEBUG_INFO = NO;
				MTL_FAST_MATH = YES;
				SDKROOT = iphoneos;
				SWIFT_COMPILATION_MODE = wholemodule;
				SWIFT_OPTIMIZATION_LEVEL = "-O";
				VALIDATE_PRODUCT = YES;
			};
			name = Release;
		};
		83FC6A0B21924FE000B3E729 /* Debug */ = {
			isa = XCBuildConfiguration;
			buildSettings = {
				ASSETCATALOG_COMPILER_APPICON_NAME = AppIcon;
				CODE_SIGN_STYLE = Automatic;
				INFOPLIST_FILE = "coder-swag/Info.plist";
				LD_RUNPATH_SEARCH_PATHS = (
					"$(inherited)",
					"@executable_path/Frameworks",
				);
				PRODUCT_BUNDLE_IDENTIFIER = "com.Christopher.coder-swag";
				PRODUCT_NAME = "$(TARGET_NAME)";
				SWIFT_VERSION = 4.2;
				TARGETED_DEVICE_FAMILY = "1,2";
			};
			name = Debug;
		};
		83FC6A0C21924FE000B3E729 /* Release */ = {
			isa = XCBuildConfiguration;
			buildSettings = {
				ASSETCATALOG_COMPILER_APPICON_NAME = AppIcon;
				CODE_SIGN_STYLE = Automatic;
				INFOPLIST_FILE = "coder-swag/Info.plist";
				LD_RUNPATH_SEARCH_PATHS = (
					"$(inherited)",
					"@executable_path/Frameworks",
				);
				PRODUCT_BUNDLE_IDENTIFIER = "com.Christopher.coder-swag";
				PRODUCT_NAME = "$(TARGET_NAME)";
				SWIFT_VERSION = 4.2;
				TARGETED_DEVICE_FAMILY = "1,2";
			};
			name = Release;
		};
/* End XCBuildConfiguration section */

/* Begin XCConfigurationList section */
		83FC69F321924FDF00B3E729 /* Build configuration list for PBXProject "coder-swag" */ = {
			isa = XCConfigurationList;
			buildConfigurations = (
				83FC6A0821924FE000B3E729 /* Debug */,
				83FC6A0921924FE000B3E729 /* Release */,
			);
			defaultConfigurationIsVisible = 0;
			defaultConfigurationName = Release;
		};
		83FC6A0A21924FE000B3E729 /* Build configuration list for PBXNativeTarget "coder-swag" */ = {
			isa = XCConfigurationList;
			buildConfigurations = (
				83FC6A0B21924FE000B3E729 /* Debug */,
				83FC6A0C21924FE000B3E729 /* Release */,
			);
			defaultConfigurationIsVisible = 0;
			defaultConfigurationName = Release;
		};
/* End XCConfigurationList section */
	};
	rootObject = 83FC69F021924FDF00B3E729 /* Project object */;
}
